
Microsoft Visual Studio Solution File, Format Version 12.00
# Visual Studio 15
VisualStudioVersion = 15.0.27703.2035
MinimumVisualStudioVersion = 10.0.40219.1
Project("{FAE04EC0-301F-11D3-BF4B-00C04F79EFBC}") = "PokemonHtmlScraper", "PokemonHtmlScraper\PokemonHtmlScraper.csproj", "{768E01E1-7316-4001-B9F4-30E65A46475B}"
EndProject
Global
	GlobalSection(SolutionConfigurationPlatforms) = preSolution
		Debug|Any CPU = Debug|Any CPU
		Release|Any CPU = Release|Any CPU
	EndGlobalSection
	GlobalSection(ProjectConfigurationPlatforms) = postSolution
		{768E01E1-7316-4001-B9F4-30E65A46475B}.Debug|Any CPU.ActiveCfg = Debug|Any CPU
		{768E01E1-7316-4001-B9F4-30E65A46475B}.Debug|Any CPU.Build.0 = Debug|Any CPU
		{768E01E1-7316-4001-B9F4-30E65A46475B}.Release|Any CPU.ActiveCfg = Release|Any CPU
		{768E01E1-7316-4001-B9F4-30E65A46475B}.Release|Any CPU.Build.0 = Release|Any CPU
	EndGlobalSection
	GlobalSection(SolutionProperties) = preSolution
		HideSolutionNode = FALSE
	EndGlobalSection
	GlobalSection(ExtensibilityGlobals) = postSolution
		SolutionGuid = {B0908AD4-E876-46E2-8ED0-C53AE325B0D6}
	EndGlobalSection
EndGlobal
